// !$*UTF8*$!
{
	archiveVersion = 1;
	classes = {
	};
	objectVersion = 46;
	objects = {

/* Begin PBXBuildFile section */
		CC0846F114DA358400AD230B /* Default.png in Resources */ = {isa = PBXBuildFile; fileRef = CC2AF17914C2CFF3001D9FA0 /* Default.png */; };
		CC0846F514DAB34300AD230B /* nopicture.png in Resources */ = {isa = PBXBuildFile; fileRef = CC0846F414DAB34300AD230B /* nopicture.png */; };
		CC13C8CC14BC767E00045502 /* Profile.m in Sources */ = {isa = PBXBuildFile; fileRef = CC13C8CB14BC767E00045502 /* Profile.m */; };
		CC1E30EF14B9433600E41385 /* productDetailViewController.m in Sources */ = {isa = PBXBuildFile; fileRef = CC1E30EE14B9433600E41385 /* productDetailViewController.m */; };
		CC1ED9C414B7AD2F006F50C8 /* Product.m in Sources */ = {isa = PBXBuildFile; fileRef = CC1ED9C314B7AD2F006F50C8 /* Product.m */; };
		CC1ED9C714B7AFC1006F50C8 /* Photo.m in Sources */ = {isa = PBXBuildFile; fileRef = CC1ED9C614B7AFC1006F50C8 /* Photo.m */; };
		CC22209314BD318500E6E6C2 /* logo.png in Resources */ = {isa = PBXBuildFile; fileRef = CC22209214BD318500E6E6C2 /* logo.png */; };
		CC2AF17814C2CCF3001D9FA0 /* 57x57.png in Resources */ = {isa = PBXBuildFile; fileRef = CC2AF17714C2CCF3001D9FA0 /* 57x57.png */; };
		CC2EC56214B74B0100AEFE04 /* UIButtonArrow280x40.png in Resources */ = {isa = PBXBuildFile; fileRef = CC2EC55F14B74B0100AEFE04 /* UIButtonArrow280x40.png */; };
		CC2EC56314B74B0100AEFE04 /* UIButtonArrow280x70.png in Resources */ = {isa = PBXBuildFile; fileRef = CC2EC56014B74B0100AEFE04 /* UIButtonArrow280x70.png */; };
		CC3126EC14CD142D00059E94 /* load-frame2.png in Resources */ = {isa = PBXBuildFile; fileRef = CC3126E914CD142D00059E94 /* load-frame2.png */; };
		CC3126ED14CD142D00059E94 /* load-frame3.png in Resources */ = {isa = PBXBuildFile; fileRef = CC3126EA14CD142D00059E94 /* load-frame3.png */; };
		CC3126EE14CD142D00059E94 /* load-frame4.png in Resources */ = {isa = PBXBuildFile; fileRef = CC3126EB14CD142D00059E94 /* load-frame4.png */; };
		CC34BE2D14BFD09D00295BCE /* MessageUI.framework in Frameworks */ = {isa = PBXBuildFile; fileRef = CC34BE2C14BFD09D00295BCE /* MessageUI.framework */; };
		CC5999E014CA54F2005F3E88 /* more_pics.png in Resources */ = {isa = PBXBuildFile; fileRef = CC5999DF14CA54F2005F3E88 /* more_pics.png */; };
		CC5B0A9F14D2C7C900F22D35 /* Localizable.strings in Resources */ = {isa = PBXBuildFile; fileRef = CC5B0A9D14D2C7C900F22D35 /* Localizable.strings */; };
		CC5B0AA114D2C7E700F22D35 /* Localizable.strings in Resources */ = {isa = PBXBuildFile; fileRef = CC5B0A9D14D2C7C900F22D35 /* Localizable.strings */; };
		CC6266C314CD049500896FC8 /* load-frame1.png in Resources */ = {isa = PBXBuildFile; fileRef = CC6266BF14CD049400896FC8 /* load-frame1.png */; };
		CC7056AA14CB627800C48D48 /* aboutViewController.m in Sources */ = {isa = PBXBuildFile; fileRef = CC7056A914CB627800C48D48 /* aboutViewController.m */; };
		CC7056AC14CB6D4E00C48D48 /* homeBackground.png in Resources */ = {isa = PBXBuildFile; fileRef = CC7056AB14CB6D4E00C48D48 /* homeBackground.png */; };
		CC7280B314CA4689006D7BF0 /* about.png in Resources */ = {isa = PBXBuildFile; fileRef = CC7280AD14CA4689006D7BF0 /* about.png */; };
		CC7280B414CA4689006D7BF0 /* about@2x.png in Resources */ = {isa = PBXBuildFile; fileRef = CC7280AE14CA4689006D7BF0 /* about@2x.png */; };
		CC7280B514CA4689006D7BF0 /* home.png in Resources */ = {isa = PBXBuildFile; fileRef = CC7280AF14CA4689006D7BF0 /* home.png */; };
		CC7280B614CA4689006D7BF0 /* home@2x.png in Resources */ = {isa = PBXBuildFile; fileRef = CC7280B014CA4689006D7BF0 /* home@2x.png */; };
		CC7280B714CA4689006D7BF0 /* icon_search.png in Resources */ = {isa = PBXBuildFile; fileRef = CC7280B114CA4689006D7BF0 /* icon_search.png */; };
		CC7280B814CA4689006D7BF0 /* icon_search@2x.png in Resources */ = {isa = PBXBuildFile; fileRef = CC7280B214CA4689006D7BF0 /* icon_search@2x.png */; };
		CC8EEDBB14BD41DF00B9DC22 /* UIButtonArrow280x160.png in Resources */ = {isa = PBXBuildFile; fileRef = CC8EEDBA14BD41DF00B9DC22 /* UIButtonArrow280x160.png */; };
		CCB0643614B2A5D20022BA5D /* UIKit.framework in Frameworks */ = {isa = PBXBuildFile; fileRef = CCB0643514B2A5D20022BA5D /* UIKit.framework */; };
		CCB0643814B2A5D20022BA5D /* Foundation.framework in Frameworks */ = {isa = PBXBuildFile; fileRef = CCB0643714B2A5D20022BA5D /* Foundation.framework */; };
		CCB0643A14B2A5D20022BA5D /* CoreGraphics.framework in Frameworks */ = {isa = PBXBuildFile; fileRef = CCB0643914B2A5D20022BA5D /* CoreGraphics.framework */; };
		CCB0644014B2A5D20022BA5D /* InfoPlist.strings in Resources */ = {isa = PBXBuildFile; fileRef = CCB0643E14B2A5D20022BA5D /* InfoPlist.strings */; };
		CCB0644214B2A5D20022BA5D /* main.m in Sources */ = {isa = PBXBuildFile; fileRef = CCB0644114B2A5D20022BA5D /* main.m */; };
		CCB0644614B2A5D20022BA5D /* AppDelegate.m in Sources */ = {isa = PBXBuildFile; fileRef = CCB0644514B2A5D20022BA5D /* AppDelegate.m */; };
		CCB0644914B2A5D30022BA5D /* MainStoryboard.storyboard in Resources */ = {isa = PBXBuildFile; fileRef = CCB0644714B2A5D30022BA5D /* MainStoryboard.storyboard */; };
		CCB0644C14B2A5D30022BA5D /* ViewController.m in Sources */ = {isa = PBXBuildFile; fileRef = CCB0644B14B2A5D30022BA5D /* ViewController.m */; };
		CCB0645414B2A5D30022BA5D /* SenTestingKit.framework in Frameworks */ = {isa = PBXBuildFile; fileRef = CCB0645314B2A5D30022BA5D /* SenTestingKit.framework */; };
		CCB0645514B2A5D30022BA5D /* UIKit.framework in Frameworks */ = {isa = PBXBuildFile; fileRef = CCB0643514B2A5D20022BA5D /* UIKit.framework */; };
		CCB0645614B2A5D30022BA5D /* Foundation.framework in Frameworks */ = {isa = PBXBuildFile; fileRef = CCB0643714B2A5D20022BA5D /* Foundation.framework */; };
		CCB0645E14B2A5D30022BA5D /* InfoPlist.strings in Resources */ = {isa = PBXBuildFile; fileRef = CCB0645C14B2A5D30022BA5D /* InfoPlist.strings */; };
		CCB0646114B2A5D30022BA5D /* garagesaleappTests.m in Sources */ = {isa = PBXBuildFile; fileRef = CCB0646014B2A5D30022BA5D /* garagesaleappTests.m */; };
		CCB0646B14B2A74E0022BA5D /* CFNetwork.framework in Frameworks */ = {isa = PBXBuildFile; fileRef = CCB0646A14B2A74E0022BA5D /* CFNetwork.framework */; };
		CCB0678714B3975F0022BA5D /* CoreData.framework in Frameworks */ = {isa = PBXBuildFile; fileRef = CCB0678614B3975F0022BA5D /* CoreData.framework */; };
		CCB0678914B397900022BA5D /* MobileCoreServices.framework in Frameworks */ = {isa = PBXBuildFile; fileRef = CCB0678814B397900022BA5D /* MobileCoreServices.framework */; };
		CCB0678B14B3979D0022BA5D /* SystemConfiguration.framework in Frameworks */ = {isa = PBXBuildFile; fileRef = CCB0678A14B3979D0022BA5D /* SystemConfiguration.framework */; };
		CCB0678D14B39ACD0022BA5D /* libxml2.dylib in Frameworks */ = {isa = PBXBuildFile; fileRef = CCB0678C14B39ACD0022BA5D /* libxml2.dylib */; };
		CCB067A214B3F6130022BA5D /* libRestKit.a in Frameworks */ = {isa = PBXBuildFile; fileRef = CCB0676F14B3956E0022BA5D /* libRestKit.a */; };
		CCB067A414B3F6AD0022BA5D /* Security.framework in Frameworks */ = {isa = PBXBuildFile; fileRef = CCB067A314B3F6AC0022BA5D /* Security.framework */; };
		CCB067A814B549440022BA5D /* Category.m in Sources */ = {isa = PBXBuildFile; fileRef = CCB067A714B549440022BA5D /* Category.m */; };
		CCB1B3C314BA119A0002723D /* productCustomViewCell.m in Sources */ = {isa = PBXBuildFile; fileRef = CCB1B3C214BA119A0002723D /* productCustomViewCell.m */; };
		CCBAD3BF14BE042B00FEDC76 /* galleryScrollViewController.m in Sources */ = {isa = PBXBuildFile; fileRef = CCBAD3BE14BE042B00FEDC76 /* galleryScrollViewController.m */; };
		CCC02D8B14D2FF180076BE31 /* Bid.m in Sources */ = {isa = PBXBuildFile; fileRef = CCC02D8A14D2FF180076BE31 /* Bid.m */; };
		CCD1D8D914BD3A8600EBD63B /* boxGarageDetail.png in Resources */ = {isa = PBXBuildFile; fileRef = CCD1D8D814BD3A8600EBD63B /* boxGarageDetail.png */; };
		CCE9EB6514C2177000526AD6 /* ProductPhotos.m in Sources */ = {isa = PBXBuildFile; fileRef = CCE9EB6414C2177000526AD6 /* ProductPhotos.m */; };
		CCEB606F14BB45AC0078BA72 /* Corben-Bold.ttf in Resources */ = {isa = PBXBuildFile; fileRef = CCEB606C14BB45AC0078BA72 /* Corben-Bold.ttf */; };
		CCEB607014BB45AC0078BA72 /* DroidSans-Bold.ttf in Resources */ = {isa = PBXBuildFile; fileRef = CCEB606D14BB45AC0078BA72 /* DroidSans-Bold.ttf */; };
		CCEB607114BB45AC0078BA72 /* DroidSans.ttf in Resources */ = {isa = PBXBuildFile; fileRef = CCEB606E14BB45AC0078BA72 /* DroidSans.ttf */; };
		CCEB607914BB522B0078BA72 /* garageDetailViewController.m in Sources */ = {isa = PBXBuildFile; fileRef = CCEB607814BB522B0078BA72 /* garageDetailViewController.m */; };
		CCEFD7B814BC49D4001DD143 /* Garage.m in Sources */ = {isa = PBXBuildFile; fileRef = CCEFD7B714BC49D4001DD143 /* Garage.m */; };
		CCFB4D1114B80F4000F777C5 /* productTableViewController.m in Sources */ = {isa = PBXBuildFile; fileRef = CCFB4D1014B80F4000F777C5 /* productTableViewController.m */; };
/* End PBXBuildFile section */

/* Begin PBXContainerItemProxy section */
		CCB0645714B2A5D30022BA5D /* PBXContainerItemProxy */ = {
			isa = PBXContainerItemProxy;
			containerPortal = CCB0642814B2A5CE0022BA5D /* Project object */;
			proxyType = 1;
			remoteGlobalIDString = CCB0643014B2A5D20022BA5D;
			remoteInfo = garagesaleapp;
		};
		CCB0676E14B3956E0022BA5D /* PBXContainerItemProxy */ = {
			isa = PBXContainerItemProxy;
			containerPortal = CCB0676714B3956E0022BA5D /* RestKit.xcodeproj */;
			proxyType = 2;
			remoteGlobalIDString = 25160D1614564E810060A5C5;
			remoteInfo = RestKit;
		};
		CCB0677014B3956E0022BA5D /* PBXContainerItemProxy */ = {
			isa = PBXContainerItemProxy;
			containerPortal = CCB0676714B3956E0022BA5D /* RestKit.xcodeproj */;
			proxyType = 2;
			remoteGlobalIDString = 25160D2614564E820060A5C5;
			remoteInfo = RestKitTests;
		};
		CCB0677214B3956E0022BA5D /* PBXContainerItemProxy */ = {
			isa = PBXContainerItemProxy;
			containerPortal = CCB0676714B3956E0022BA5D /* RestKit.xcodeproj */;
			proxyType = 2;
			remoteGlobalIDString = 25160E62145651060060A5C5;
			remoteInfo = RestKitFramework;
		};
		CCB0677414B3956E0022BA5D /* PBXContainerItemProxy */ = {
			isa = PBXContainerItemProxy;
			containerPortal = CCB0676714B3956E0022BA5D /* RestKit.xcodeproj */;
			proxyType = 2;
			remoteGlobalIDString = 25160E78145651060060A5C5;
			remoteInfo = RestKitFrameworkTests;
		};
		CCB0678314B396BF0022BA5D /* PBXContainerItemProxy */ = {
			isa = PBXContainerItemProxy;
			containerPortal = CCB0676714B3956E0022BA5D /* RestKit.xcodeproj */;
			proxyType = 1;
			remoteGlobalIDString = 25160D1514564E810060A5C5;
			remoteInfo = RestKit;
		};
/* End PBXContainerItemProxy section */

/* Begin PBXFileReference section */
		CC0846EF14DA351D00AD230B /* Default@2x.png */ = {isa = PBXFileReference; lastKnownFileType = image.png; path = "Default@2x.png"; sourceTree = "<group>"; };
		CC0846F414DAB34300AD230B /* nopicture.png */ = {isa = PBXFileReference; lastKnownFileType = image.png; path = nopicture.png; sourceTree = "<group>"; };
		CC13C8CA14BC767E00045502 /* Profile.h */ = {isa = PBXFileReference; fileEncoding = 4; lastKnownFileType = sourcecode.c.h; path = Profile.h; sourceTree = "<group>"; };
		CC13C8CB14BC767E00045502 /* Profile.m */ = {isa = PBXFileReference; fileEncoding = 4; lastKnownFileType = sourcecode.c.objc; path = Profile.m; sourceTree = "<group>"; };
		CC1E30ED14B9433600E41385 /* productDetailViewController.h */ = {isa = PBXFileReference; fileEncoding = 4; lastKnownFileType = sourcecode.c.h; path = productDetailViewController.h; sourceTree = "<group>"; };
		CC1E30EE14B9433600E41385 /* productDetailViewController.m */ = {isa = PBXFileReference; fileEncoding = 4; lastKnownFileType = sourcecode.c.objc; path = productDetailViewController.m; sourceTree = "<group>"; };
		CC1ED9C214B7AD2F006F50C8 /* Product.h */ = {isa = PBXFileReference; fileEncoding = 4; lastKnownFileType = sourcecode.c.h; path = Product.h; sourceTree = "<group>"; };
		CC1ED9C314B7AD2F006F50C8 /* Product.m */ = {isa = PBXFileReference; fileEncoding = 4; lastKnownFileType = sourcecode.c.objc; path = Product.m; sourceTree = "<group>"; };
		CC1ED9C514B7AFC1006F50C8 /* Photo.h */ = {isa = PBXFileReference; fileEncoding = 4; lastKnownFileType = sourcecode.c.h; path = Photo.h; sourceTree = "<group>"; };
		CC1ED9C614B7AFC1006F50C8 /* Photo.m */ = {isa = PBXFileReference; fileEncoding = 4; lastKnownFileType = sourcecode.c.objc; path = Photo.m; sourceTree = "<group>"; };
		CC22209214BD318500E6E6C2 /* logo.png */ = {isa = PBXFileReference; lastKnownFileType = image.png; path = logo.png; sourceTree = "<group>"; };
		CC2AF17714C2CCF3001D9FA0 /* 57x57.png */ = {isa = PBXFileReference; lastKnownFileType = image.png; path = 57x57.png; sourceTree = "<group>"; };
		CC2AF17914C2CFF3001D9FA0 /* Default.png */ = {isa = PBXFileReference; lastKnownFileType = image.png; path = Default.png; sourceTree = "<group>"; };
		CC2EC55F14B74B0100AEFE04 /* UIButtonArrow280x40.png */ = {isa = PBXFileReference; lastKnownFileType = image.png; path = UIButtonArrow280x40.png; sourceTree = "<group>"; };
		CC2EC56014B74B0100AEFE04 /* UIButtonArrow280x70.png */ = {isa = PBXFileReference; lastKnownFileType = image.png; path = UIButtonArrow280x70.png; sourceTree = "<group>"; };
		CC3126E914CD142D00059E94 /* load-frame2.png */ = {isa = PBXFileReference; lastKnownFileType = image.png; path = "load-frame2.png"; sourceTree = "<group>"; };
		CC3126EA14CD142D00059E94 /* load-frame3.png */ = {isa = PBXFileReference; lastKnownFileType = image.png; path = "load-frame3.png"; sourceTree = "<group>"; };
		CC3126EB14CD142D00059E94 /* load-frame4.png */ = {isa = PBXFileReference; lastKnownFileType = image.png; path = "load-frame4.png"; sourceTree = "<group>"; };
		CC34BE2C14BFD09D00295BCE /* MessageUI.framework */ = {isa = PBXFileReference; lastKnownFileType = wrapper.framework; name = MessageUI.framework; path = System/Library/Frameworks/MessageUI.framework; sourceTree = SDKROOT; };
		CC5999DF14CA54F2005F3E88 /* more_pics.png */ = {isa = PBXFileReference; lastKnownFileType = image.png; path = more_pics.png; sourceTree = "<group>"; };
		CC5B0A9E14D2C7C900F22D35 /* en */ = {isa = PBXFileReference; lastKnownFileType = text.plist.strings; name = en; path = en.lproj/Localizable.strings; sourceTree = "<group>"; };
		CC5B0AA014D2C7E700F22D35 /* pt */ = {isa = PBXFileReference; lastKnownFileType = text.plist.strings; name = pt; path = pt.lproj/Localizable.strings; sourceTree = "<group>"; };
		CC5F423814C8730800DED726 /* garagesaleapp.entitlements */ = {isa = PBXFileReference; lastKnownFileType = text.xml; path = garagesaleapp.entitlements; sourceTree = "<group>"; };
		CC6266BF14CD049400896FC8 /* load-frame1.png */ = {isa = PBXFileReference; lastKnownFileType = image.png; path = "load-frame1.png"; sourceTree = "<group>"; };
		CC7056A814CB627800C48D48 /* aboutViewController.h */ = {isa = PBXFileReference; fileEncoding = 4; lastKnownFileType = sourcecode.c.h; path = aboutViewController.h; sourceTree = "<group>"; };
		CC7056A914CB627800C48D48 /* aboutViewController.m */ = {isa = PBXFileReference; fileEncoding = 4; lastKnownFileType = sourcecode.c.objc; path = aboutViewController.m; sourceTree = "<group>"; };
		CC7056AB14CB6D4E00C48D48 /* homeBackground.png */ = {isa = PBXFileReference; lastKnownFileType = image.png; path = homeBackground.png; sourceTree = "<group>"; };
		CC7280AD14CA4689006D7BF0 /* about.png */ = {isa = PBXFileReference; lastKnownFileType = image.png; path = about.png; sourceTree = "<group>"; };
		CC7280AE14CA4689006D7BF0 /* about@2x.png */ = {isa = PBXFileReference; lastKnownFileType = image.png; path = "about@2x.png"; sourceTree = "<group>"; };
		CC7280AF14CA4689006D7BF0 /* home.png */ = {isa = PBXFileReference; lastKnownFileType = image.png; path = home.png; sourceTree = "<group>"; };
		CC7280B014CA4689006D7BF0 /* home@2x.png */ = {isa = PBXFileReference; lastKnownFileType = image.png; path = "home@2x.png"; sourceTree = "<group>"; };
		CC7280B114CA4689006D7BF0 /* icon_search.png */ = {isa = PBXFileReference; lastKnownFileType = image.png; path = icon_search.png; sourceTree = "<group>"; };
		CC7280B214CA4689006D7BF0 /* icon_search@2x.png */ = {isa = PBXFileReference; lastKnownFileType = image.png; path = "icon_search@2x.png"; sourceTree = "<group>"; };
		CC8EEDBA14BD41DF00B9DC22 /* UIButtonArrow280x160.png */ = {isa = PBXFileReference; lastKnownFileType = image.png; path = UIButtonArrow280x160.png; sourceTree = "<group>"; };
		CCB0643114B2A5D20022BA5D /* garagesaleapp.app */ = {isa = PBXFileReference; explicitFileType = wrapper.application; includeInIndex = 0; path = garagesaleapp.app; sourceTree = BUILT_PRODUCTS_DIR; };
		CCB0643514B2A5D20022BA5D /* UIKit.framework */ = {isa = PBXFileReference; lastKnownFileType = wrapper.framework; name = UIKit.framework; path = System/Library/Frameworks/UIKit.framework; sourceTree = SDKROOT; };
		CCB0643714B2A5D20022BA5D /* Foundation.framework */ = {isa = PBXFileReference; lastKnownFileType = wrapper.framework; name = Foundation.framework; path = System/Library/Frameworks/Foundation.framework; sourceTree = SDKROOT; };
		CCB0643914B2A5D20022BA5D /* CoreGraphics.framework */ = {isa = PBXFileReference; lastKnownFileType = wrapper.framework; name = CoreGraphics.framework; path = System/Library/Frameworks/CoreGraphics.framework; sourceTree = SDKROOT; };
		CCB0643D14B2A5D20022BA5D /* garagesaleapp-Info.plist */ = {isa = PBXFileReference; lastKnownFileType = text.plist.xml; path = "garagesaleapp-Info.plist"; sourceTree = "<group>"; };
		CCB0643F14B2A5D20022BA5D /* en */ = {isa = PBXFileReference; lastKnownFileType = text.plist.strings; name = en; path = en.lproj/InfoPlist.strings; sourceTree = "<group>"; };
		CCB0644114B2A5D20022BA5D /* main.m */ = {isa = PBXFileReference; lastKnownFileType = sourcecode.c.objc; path = main.m; sourceTree = "<group>"; };
		CCB0644314B2A5D20022BA5D /* garagesaleapp-Prefix.pch */ = {isa = PBXFileReference; lastKnownFileType = sourcecode.c.h; path = "garagesaleapp-Prefix.pch"; sourceTree = "<group>"; };
		CCB0644414B2A5D20022BA5D /* AppDelegate.h */ = {isa = PBXFileReference; lastKnownFileType = sourcecode.c.h; path = AppDelegate.h; sourceTree = "<group>"; };
		CCB0644514B2A5D20022BA5D /* AppDelegate.m */ = {isa = PBXFileReference; lastKnownFileType = sourcecode.c.objc; path = AppDelegate.m; sourceTree = "<group>"; };
		CCB0644814B2A5D30022BA5D /* en */ = {isa = PBXFileReference; lastKnownFileType = file.storyboard; name = en; path = en.lproj/MainStoryboard.storyboard; sourceTree = "<group>"; };
		CCB0644A14B2A5D30022BA5D /* ViewController.h */ = {isa = PBXFileReference; lastKnownFileType = sourcecode.c.h; path = ViewController.h; sourceTree = "<group>"; };
		CCB0644B14B2A5D30022BA5D /* ViewController.m */ = {isa = PBXFileReference; lastKnownFileType = sourcecode.c.objc; path = ViewController.m; sourceTree = "<group>"; };
		CCB0645214B2A5D30022BA5D /* garagesaleappTests.octest */ = {isa = PBXFileReference; explicitFileType = wrapper.cfbundle; includeInIndex = 0; path = garagesaleappTests.octest; sourceTree = BUILT_PRODUCTS_DIR; };
		CCB0645314B2A5D30022BA5D /* SenTestingKit.framework */ = {isa = PBXFileReference; lastKnownFileType = wrapper.framework; name = SenTestingKit.framework; path = Library/Frameworks/SenTestingKit.framework; sourceTree = DEVELOPER_DIR; };
		CCB0645B14B2A5D30022BA5D /* garagesaleappTests-Info.plist */ = {isa = PBXFileReference; lastKnownFileType = text.plist.xml; path = "garagesaleappTests-Info.plist"; sourceTree = "<group>"; };
		CCB0645D14B2A5D30022BA5D /* en */ = {isa = PBXFileReference; lastKnownFileType = text.plist.strings; name = en; path = en.lproj/InfoPlist.strings; sourceTree = "<group>"; };
		CCB0645F14B2A5D30022BA5D /* garagesaleappTests.h */ = {isa = PBXFileReference; lastKnownFileType = sourcecode.c.h; path = garagesaleappTests.h; sourceTree = "<group>"; };
		CCB0646014B2A5D30022BA5D /* garagesaleappTests.m */ = {isa = PBXFileReference; lastKnownFileType = sourcecode.c.objc; path = garagesaleappTests.m; sourceTree = "<group>"; };
		CCB0646A14B2A74E0022BA5D /* CFNetwork.framework */ = {isa = PBXFileReference; lastKnownFileType = wrapper.framework; name = CFNetwork.framework; path = System/Library/Frameworks/CFNetwork.framework; sourceTree = SDKROOT; };
		CCB0676714B3956E0022BA5D /* RestKit.xcodeproj */ = {isa = PBXFileReference; lastKnownFileType = "wrapper.pb-project"; name = RestKit.xcodeproj; path = RestKit/RestKit.xcodeproj; sourceTree = "<group>"; };
		CCB0678614B3975F0022BA5D /* CoreData.framework */ = {isa = PBXFileReference; lastKnownFileType = wrapper.framework; name = CoreData.framework; path = System/Library/Frameworks/CoreData.framework; sourceTree = SDKROOT; };
		CCB0678814B397900022BA5D /* MobileCoreServices.framework */ = {isa = PBXFileReference; lastKnownFileType = wrapper.framework; name = MobileCoreServices.framework; path = System/Library/Frameworks/MobileCoreServices.framework; sourceTree = SDKROOT; };
		CCB0678A14B3979D0022BA5D /* SystemConfiguration.framework */ = {isa = PBXFileReference; lastKnownFileType = wrapper.framework; name = SystemConfiguration.framework; path = System/Library/Frameworks/SystemConfiguration.framework; sourceTree = SDKROOT; };
		CCB0678C14B39ACD0022BA5D /* libxml2.dylib */ = {isa = PBXFileReference; lastKnownFileType = "compiled.mach-o.dylib"; name = libxml2.dylib; path = usr/lib/libxml2.dylib; sourceTree = SDKROOT; };
		CCB067A314B3F6AC0022BA5D /* Security.framework */ = {isa = PBXFileReference; lastKnownFileType = wrapper.framework; name = Security.framework; path = System/Library/Frameworks/Security.framework; sourceTree = SDKROOT; };
		CCB067A614B549440022BA5D /* Category.h */ = {isa = PBXFileReference; fileEncoding = 4; lastKnownFileType = sourcecode.c.h; path = Category.h; sourceTree = "<group>"; };
		CCB067A714B549440022BA5D /* Category.m */ = {isa = PBXFileReference; fileEncoding = 4; lastKnownFileType = sourcecode.c.objc; path = Category.m; sourceTree = "<group>"; };
		CCB1B3C114BA119A0002723D /* productCustomViewCell.h */ = {isa = PBXFileReference; fileEncoding = 4; lastKnownFileType = sourcecode.c.h; path = productCustomViewCell.h; sourceTree = "<group>"; };
		CCB1B3C214BA119A0002723D /* productCustomViewCell.m */ = {isa = PBXFileReference; fileEncoding = 4; lastKnownFileType = sourcecode.c.objc; path = productCustomViewCell.m; sourceTree = "<group>"; };
		CCBAD3BD14BE042B00FEDC76 /* galleryScrollViewController.h */ = {isa = PBXFileReference; fileEncoding = 4; lastKnownFileType = sourcecode.c.h; path = galleryScrollViewController.h; sourceTree = "<group>"; };
		CCBAD3BE14BE042B00FEDC76 /* galleryScrollViewController.m */ = {isa = PBXFileReference; fileEncoding = 4; lastKnownFileType = sourcecode.c.objc; path = galleryScrollViewController.m; sourceTree = "<group>"; };
		CCC02D8914D2FF180076BE31 /* Bid.h */ = {isa = PBXFileReference; fileEncoding = 4; lastKnownFileType = sourcecode.c.h; path = Bid.h; sourceTree = "<group>"; };
		CCC02D8A14D2FF180076BE31 /* Bid.m */ = {isa = PBXFileReference; fileEncoding = 4; lastKnownFileType = sourcecode.c.objc; path = Bid.m; sourceTree = "<group>"; };
		CCD1D8D814BD3A8600EBD63B /* boxGarageDetail.png */ = {isa = PBXFileReference; lastKnownFileType = image.png; path = boxGarageDetail.png; sourceTree = "<group>"; };
		CCE9EB6314C2177000526AD6 /* ProductPhotos.h */ = {isa = PBXFileReference; fileEncoding = 4; lastKnownFileType = sourcecode.c.h; path = ProductPhotos.h; sourceTree = "<group>"; };
		CCE9EB6414C2177000526AD6 /* ProductPhotos.m */ = {isa = PBXFileReference; fileEncoding = 4; lastKnownFileType = sourcecode.c.objc; path = ProductPhotos.m; sourceTree = "<group>"; };
		CCEB606C14BB45AC0078BA72 /* Corben-Bold.ttf */ = {isa = PBXFileReference; lastKnownFileType = file; path = "Corben-Bold.ttf"; sourceTree = "<group>"; };
		CCEB606D14BB45AC0078BA72 /* DroidSans-Bold.ttf */ = {isa = PBXFileReference; lastKnownFileType = file; path = "DroidSans-Bold.ttf"; sourceTree = "<group>"; };
		CCEB606E14BB45AC0078BA72 /* DroidSans.ttf */ = {isa = PBXFileReference; lastKnownFileType = file; path = DroidSans.ttf; sourceTree = "<group>"; };
		CCEB607714BB522B0078BA72 /* garageDetailViewController.h */ = {isa = PBXFileReference; fileEncoding = 4; lastKnownFileType = sourcecode.c.h; path = garageDetailViewController.h; sourceTree = "<group>"; };
		CCEB607814BB522B0078BA72 /* garageDetailViewController.m */ = {isa = PBXFileReference; fileEncoding = 4; lastKnownFileType = sourcecode.c.objc; path = garageDetailViewController.m; sourceTree = "<group>"; };
		CCEFD7B614BC49D4001DD143 /* Garage.h */ = {isa = PBXFileReference; fileEncoding = 4; lastKnownFileType = sourcecode.c.h; path = Garage.h; sourceTree = "<group>"; };
		CCEFD7B714BC49D4001DD143 /* Garage.m */ = {isa = PBXFileReference; fileEncoding = 4; lastKnownFileType = sourcecode.c.objc; path = Garage.m; sourceTree = "<group>"; };
		CCFB4D0F14B80F3F00F777C5 /* productTableViewController.h */ = {isa = PBXFileReference; fileEncoding = 4; lastKnownFileType = sourcecode.c.h; path = productTableViewController.h; sourceTree = "<group>"; };
		CCFB4D1014B80F4000F777C5 /* productTableViewController.m */ = {isa = PBXFileReference; fileEncoding = 4; lastKnownFileType = sourcecode.c.objc; path = productTableViewController.m; sourceTree = "<group>"; };
/* End PBXFileReference section */

/* Begin PBXFrameworksBuildPhase section */
		CCB0642E14B2A5D20022BA5D /* Frameworks */ = {
			isa = PBXFrameworksBuildPhase;
			buildActionMask = 2147483647;
			files = (
				CC34BE2D14BFD09D00295BCE /* MessageUI.framework in Frameworks */,
				CCB067A414B3F6AD0022BA5D /* Security.framework in Frameworks */,
				CCB067A214B3F6130022BA5D /* libRestKit.a in Frameworks */,
				CCB0678D14B39ACD0022BA5D /* libxml2.dylib in Frameworks */,
				CCB0678B14B3979D0022BA5D /* SystemConfiguration.framework in Frameworks */,
				CCB0678914B397900022BA5D /* MobileCoreServices.framework in Frameworks */,
				CCB0646B14B2A74E0022BA5D /* CFNetwork.framework in Frameworks */,
				CCB0678714B3975F0022BA5D /* CoreData.framework in Frameworks */,
				CCB0643614B2A5D20022BA5D /* UIKit.framework in Frameworks */,
				CCB0643814B2A5D20022BA5D /* Foundation.framework in Frameworks */,
				CCB0643A14B2A5D20022BA5D /* CoreGraphics.framework in Frameworks */,
			);
			runOnlyForDeploymentPostprocessing = 0;
		};
		CCB0644E14B2A5D30022BA5D /* Frameworks */ = {
			isa = PBXFrameworksBuildPhase;
			buildActionMask = 2147483647;
			files = (
				CCB0645414B2A5D30022BA5D /* SenTestingKit.framework in Frameworks */,
				CCB0645514B2A5D30022BA5D /* UIKit.framework in Frameworks */,
				CCB0645614B2A5D30022BA5D /* Foundation.framework in Frameworks */,
			);
			runOnlyForDeploymentPostprocessing = 0;
		};
/* End PBXFrameworksBuildPhase section */

/* Begin PBXGroup section */
		CC2EC55D14B74ACD00AEFE04 /* images */ = {
			isa = PBXGroup;
			children = (
				CC0846F414DAB34300AD230B /* nopicture.png */,
				CC3126E914CD142D00059E94 /* load-frame2.png */,
				CC3126EA14CD142D00059E94 /* load-frame3.png */,
				CC3126EB14CD142D00059E94 /* load-frame4.png */,
				CC6266BF14CD049400896FC8 /* load-frame1.png */,
				CC7056AB14CB6D4E00C48D48 /* homeBackground.png */,
				CC5999DF14CA54F2005F3E88 /* more_pics.png */,
				CC7280AD14CA4689006D7BF0 /* about.png */,
				CC7280AE14CA4689006D7BF0 /* about@2x.png */,
				CC7280AF14CA4689006D7BF0 /* home.png */,
				CC7280B014CA4689006D7BF0 /* home@2x.png */,
				CC7280B114CA4689006D7BF0 /* icon_search.png */,
				CC7280B214CA4689006D7BF0 /* icon_search@2x.png */,
				CCD1D8D814BD3A8600EBD63B /* boxGarageDetail.png */,
				CC22209214BD318500E6E6C2 /* logo.png */,
				CC2EC55F14B74B0100AEFE04 /* UIButtonArrow280x40.png */,
				CC2EC56014B74B0100AEFE04 /* UIButtonArrow280x70.png */,
				CC8EEDBA14BD41DF00B9DC22 /* UIButtonArrow280x160.png */,
			);
			name = images;
			sourceTree = "<group>";
		};
		CCB0642614B2A5CE0022BA5D = {
			isa = PBXGroup;
			children = (
				CC0846EF14DA351D00AD230B /* Default@2x.png */,
				CCB0678C14B39ACD0022BA5D /* libxml2.dylib */,
				CC2AF17714C2CCF3001D9FA0 /* 57x57.png */,
				CC2AF17914C2CFF3001D9FA0 /* Default.png */,
				CCB0676714B3956E0022BA5D /* RestKit.xcodeproj */,
				CCB0643414B2A5D20022BA5D /* Frameworks */,
				CCB0643B14B2A5D20022BA5D /* garagesaleapp */,
				CCB0645914B2A5D30022BA5D /* garagesaleappTests */,
				CCB0643214B2A5D20022BA5D /* Products */,
			);
			sourceTree = "<group>";
		};
		CCB0643214B2A5D20022BA5D /* Products */ = {
			isa = PBXGroup;
			children = (
				CCB0643114B2A5D20022BA5D /* garagesaleapp.app */,
				CCB0645214B2A5D30022BA5D /* garagesaleappTests.octest */,
			);
			name = Products;
			sourceTree = "<group>";
		};
		CCB0643414B2A5D20022BA5D /* Frameworks */ = {
			isa = PBXGroup;
			children = (
				CC34BE2C14BFD09D00295BCE /* MessageUI.framework */,
				CCB067A314B3F6AC0022BA5D /* Security.framework */,
				CCB0678A14B3979D0022BA5D /* SystemConfiguration.framework */,
				CCB0678814B397900022BA5D /* MobileCoreServices.framework */,
				CCB0678614B3975F0022BA5D /* CoreData.framework */,
				CCB0646A14B2A74E0022BA5D /* CFNetwork.framework */,
				CCB0643514B2A5D20022BA5D /* UIKit.framework */,
				CCB0643714B2A5D20022BA5D /* Foundation.framework */,
				CCB0643914B2A5D20022BA5D /* CoreGraphics.framework */,
				CCB0645314B2A5D30022BA5D /* SenTestingKit.framework */,
			);
			name = Frameworks;
			sourceTree = "<group>";
		};
		CCB0643B14B2A5D20022BA5D /* garagesaleapp */ = {
			isa = PBXGroup;
			children = (
				CC5F423814C8730800DED726 /* garagesaleapp.entitlements */,
				CCB0643C14B2A5D20022BA5D /* Supporting Files */,
				CCB067A514B548C60022BA5D /* EntityClass */,
				CCEA465F14BB601900952E1A /* resources */,
				CC2EC55D14B74ACD00AEFE04 /* images */,
				CCB0644414B2A5D20022BA5D /* AppDelegate.h */,
				CCB0644514B2A5D20022BA5D /* AppDelegate.m */,
				CCB0644714B2A5D30022BA5D /* MainStoryboard.storyboard */,
				CCB0644A14B2A5D30022BA5D /* ViewController.h */,
				CCB0644B14B2A5D30022BA5D /* ViewController.m */,
				CCFB4D0F14B80F3F00F777C5 /* productTableViewController.h */,
				CCFB4D1014B80F4000F777C5 /* productTableViewController.m */,
				CCB1B3C114BA119A0002723D /* productCustomViewCell.h */,
				CCB1B3C214BA119A0002723D /* productCustomViewCell.m */,
				CC1E30ED14B9433600E41385 /* productDetailViewController.h */,
				CC1E30EE14B9433600E41385 /* productDetailViewController.m */,
				CCEB607714BB522B0078BA72 /* garageDetailViewController.h */,
				CCEB607814BB522B0078BA72 /* garageDetailViewController.m */,
				CCBAD3BD14BE042B00FEDC76 /* galleryScrollViewController.h */,
				CCBAD3BE14BE042B00FEDC76 /* galleryScrollViewController.m */,
				CC7056A814CB627800C48D48 /* aboutViewController.h */,
				CC7056A914CB627800C48D48 /* aboutViewController.m */,
			);
			path = garagesaleapp;
			sourceTree = "<group>";
		};
		CCB0643C14B2A5D20022BA5D /* Supporting Files */ = {
			isa = PBXGroup;
			children = (
				CC5B0A9D14D2C7C900F22D35 /* Localizable.strings */,
				CCB0643D14B2A5D20022BA5D /* garagesaleapp-Info.plist */,
				CCB0643E14B2A5D20022BA5D /* InfoPlist.strings */,
				CCB0644114B2A5D20022BA5D /* main.m */,
				CCB0644314B2A5D20022BA5D /* garagesaleapp-Prefix.pch */,
			);
			name = "Supporting Files";
			sourceTree = "<group>";
		};
		CCB0645914B2A5D30022BA5D /* garagesaleappTests */ = {
			isa = PBXGroup;
			children = (
				CCB0645F14B2A5D30022BA5D /* garagesaleappTests.h */,
				CCB0646014B2A5D30022BA5D /* garagesaleappTests.m */,
				CCB0645A14B2A5D30022BA5D /* Supporting Files */,
			);
			path = garagesaleappTests;
			sourceTree = "<group>";
		};
		CCB0645A14B2A5D30022BA5D /* Supporting Files */ = {
			isa = PBXGroup;
			children = (
				CCB0645B14B2A5D30022BA5D /* garagesaleappTests-Info.plist */,
				CCB0645C14B2A5D30022BA5D /* InfoPlist.strings */,
			);
			name = "Supporting Files";
			sourceTree = "<group>";
		};
		CCB0676814B3956E0022BA5D /* Products */ = {
			isa = PBXGroup;
			children = (
				CCB0676F14B3956E0022BA5D /* libRestKit.a */,
				CCB0677114B3956E0022BA5D /* RestKitTests.octest */,
				CCB0677314B3956E0022BA5D /* RestKit.framework */,
				CCB0677514B3956E0022BA5D /* RestKitFrameworkTests.octest */,
			);
			name = Products;
			sourceTree = "<group>";
		};
		CCB067A514B548C60022BA5D /* EntityClass */ = {
			isa = PBXGroup;
			children = (
				CCB067A614B549440022BA5D /* Category.h */,
				CCB067A714B549440022BA5D /* Category.m */,
				CC1ED9C214B7AD2F006F50C8 /* Product.h */,
				CC1ED9C314B7AD2F006F50C8 /* Product.m */,
				CCE9EB6314C2177000526AD6 /* ProductPhotos.h */,
				CCE9EB6414C2177000526AD6 /* ProductPhotos.m */,
				CC1ED9C514B7AFC1006F50C8 /* Photo.h */,
				CC1ED9C614B7AFC1006F50C8 /* Photo.m */,
				CCEFD7B614BC49D4001DD143 /* Garage.h */,
				CCEFD7B714BC49D4001DD143 /* Garage.m */,
				CC13C8CA14BC767E00045502 /* Profile.h */,
				CC13C8CB14BC767E00045502 /* Profile.m */,
				CCC02D8914D2FF180076BE31 /* Bid.h */,
				CCC02D8A14D2FF180076BE31 /* Bid.m */,
			);
			name = EntityClass;
			sourceTree = "<group>";
		};
		CCEA465F14BB601900952E1A /* resources */ = {
			isa = PBXGroup;
			children = (
				CCEB606C14BB45AC0078BA72 /* Corben-Bold.ttf */,
				CCEB606D14BB45AC0078BA72 /* DroidSans-Bold.ttf */,
				CCEB606E14BB45AC0078BA72 /* DroidSans.ttf */,
			);
			name = resources;
			sourceTree = "<group>";
		};
/* End PBXGroup section */

/* Begin PBXNativeTarget section */
		CCB0643014B2A5D20022BA5D /* garagesaleapp */ = {
			isa = PBXNativeTarget;
			buildConfigurationList = CCB0646414B2A5D30022BA5D /* Build configuration list for PBXNativeTarget "garagesaleapp" */;
			buildPhases = (
				CCB0642D14B2A5D20022BA5D /* Sources */,
				CCB0642E14B2A5D20022BA5D /* Frameworks */,
				CCB0642F14B2A5D20022BA5D /* Resources */,
			);
			buildRules = (
			);
			dependencies = (
				CCB0678414B396BF0022BA5D /* PBXTargetDependency */,
			);
			name = garagesaleapp;
			productName = garagesaleapp;
			productReference = CCB0643114B2A5D20022BA5D /* garagesaleapp.app */;
			productType = "com.apple.product-type.application";
		};
		CCB0645114B2A5D30022BA5D /* garagesaleappTests */ = {
			isa = PBXNativeTarget;
			buildConfigurationList = CCB0646714B2A5D30022BA5D /* Build configuration list for PBXNativeTarget "garagesaleappTests" */;
			buildPhases = (
				CCB0644D14B2A5D30022BA5D /* Sources */,
				CCB0644E14B2A5D30022BA5D /* Frameworks */,
				CCB0644F14B2A5D30022BA5D /* Resources */,
				CCB0645014B2A5D30022BA5D /* ShellScript */,
			);
			buildRules = (
			);
			dependencies = (
				CCB0645814B2A5D30022BA5D /* PBXTargetDependency */,
			);
			name = garagesaleappTests;
			productName = garagesaleappTests;
			productReference = CCB0645214B2A5D30022BA5D /* garagesaleappTests.octest */;
			productType = "com.apple.product-type.bundle";
		};
/* End PBXNativeTarget section */

/* Begin PBXProject section */
		CCB0642814B2A5CE0022BA5D /* Project object */ = {
			isa = PBXProject;
			attributes = {
				LastUpgradeCheck = 0420;
				ORGANIZATIONNAME = MOSMA;
			};
			buildConfigurationList = CCB0642B14B2A5CE0022BA5D /* Build configuration list for PBXProject "garagesaleapp" */;
			compatibilityVersion = "Xcode 3.2";
			developmentRegion = English;
			hasScannedForEncodings = 0;
			knownRegions = (
				en,
				pt,
			);
			mainGroup = CCB0642614B2A5CE0022BA5D;
			productRefGroup = CCB0643214B2A5D20022BA5D /* Products */;
			projectDirPath = "";
			projectReferences = (
				{
					ProductGroup = CCB0676814B3956E0022BA5D /* Products */;
					ProjectRef = CCB0676714B3956E0022BA5D /* RestKit.xcodeproj */;
				},
			);
			projectRoot = "";
			targets = (
				CCB0643014B2A5D20022BA5D /* garagesaleapp */,
				CCB0645114B2A5D30022BA5D /* garagesaleappTests */,
			);
		};
/* End PBXProject section */

/* Begin PBXReferenceProxy section */
		CCB0676F14B3956E0022BA5D /* libRestKit.a */ = {
			isa = PBXReferenceProxy;
			fileType = archive.ar;
			path = libRestKit.a;
			remoteRef = CCB0676E14B3956E0022BA5D /* PBXContainerItemProxy */;
			sourceTree = BUILT_PRODUCTS_DIR;
		};
		CCB0677114B3956E0022BA5D /* RestKitTests.octest */ = {
			isa = PBXReferenceProxy;
			fileType = wrapper.cfbundle;
			path = RestKitTests.octest;
			remoteRef = CCB0677014B3956E0022BA5D /* PBXContainerItemProxy */;
			sourceTree = BUILT_PRODUCTS_DIR;
		};
		CCB0677314B3956E0022BA5D /* RestKit.framework */ = {
			isa = PBXReferenceProxy;
			fileType = wrapper.framework;
			path = RestKit.framework;
			remoteRef = CCB0677214B3956E0022BA5D /* PBXContainerItemProxy */;
			sourceTree = BUILT_PRODUCTS_DIR;
		};
		CCB0677514B3956E0022BA5D /* RestKitFrameworkTests.octest */ = {
			isa = PBXReferenceProxy;
			fileType = wrapper.cfbundle;
			path = RestKitFrameworkTests.octest;
			remoteRef = CCB0677414B3956E0022BA5D /* PBXContainerItemProxy */;
			sourceTree = BUILT_PRODUCTS_DIR;
		};
/* End PBXReferenceProxy section */

/* Begin PBXResourcesBuildPhase section */
		CCB0642F14B2A5D20022BA5D /* Resources */ = {
			isa = PBXResourcesBuildPhase;
			buildActionMask = 2147483647;
			files = (
				CCB0644014B2A5D20022BA5D /* InfoPlist.strings in Resources */,
				CCB0644914B2A5D30022BA5D /* MainStoryboard.storyboard in Resources */,
				CC2EC56214B74B0100AEFE04 /* UIButtonArrow280x40.png in Resources */,
				CC2EC56314B74B0100AEFE04 /* UIButtonArrow280x70.png in Resources */,
				CCEB606F14BB45AC0078BA72 /* Corben-Bold.ttf in Resources */,
				CCEB607014BB45AC0078BA72 /* DroidSans-Bold.ttf in Resources */,
				CCEB607114BB45AC0078BA72 /* DroidSans.ttf in Resources */,
				CC22209314BD318500E6E6C2 /* logo.png in Resources */,
				CCD1D8D914BD3A8600EBD63B /* boxGarageDetail.png in Resources */,
				CC8EEDBB14BD41DF00B9DC22 /* UIButtonArrow280x160.png in Resources */,
				CC2AF17814C2CCF3001D9FA0 /* 57x57.png in Resources */,
				CC7280B314CA4689006D7BF0 /* about.png in Resources */,
				CC7280B414CA4689006D7BF0 /* about@2x.png in Resources */,
				CC7280B514CA4689006D7BF0 /* home.png in Resources */,
				CC7280B614CA4689006D7BF0 /* home@2x.png in Resources */,
				CC7280B714CA4689006D7BF0 /* icon_search.png in Resources */,
				CC7280B814CA4689006D7BF0 /* icon_search@2x.png in Resources */,
				CC5999E014CA54F2005F3E88 /* more_pics.png in Resources */,
				CC7056AC14CB6D4E00C48D48 /* homeBackground.png in Resources */,
				CC6266C314CD049500896FC8 /* load-frame1.png in Resources */,
				CC3126EC14CD142D00059E94 /* load-frame2.png in Resources */,
				CC3126ED14CD142D00059E94 /* load-frame3.png in Resources */,
				CC3126EE14CD142D00059E94 /* load-frame4.png in Resources */,
				CC5B0A9F14D2C7C900F22D35 /* Localizable.strings in Resources */,
				CC5B0AA114D2C7E700F22D35 /* Localizable.strings in Resources */,
				CC0846F114DA358400AD230B /* Default.png in Resources */,
				CC0846F514DAB34300AD230B /* nopicture.png in Resources */,
			);
			runOnlyForDeploymentPostprocessing = 0;
		};
		CCB0644F14B2A5D30022BA5D /* Resources */ = {
			isa = PBXResourcesBuildPhase;
			buildActionMask = 2147483647;
			files = (
				CCB0645E14B2A5D30022BA5D /* InfoPlist.strings in Resources */,
			);
			runOnlyForDeploymentPostprocessing = 0;
		};
/* End PBXResourcesBuildPhase section */

/* Begin PBXShellScriptBuildPhase section */
		CCB0645014B2A5D30022BA5D /* ShellScript */ = {
			isa = PBXShellScriptBuildPhase;
			buildActionMask = 2147483647;
			files = (
			);
			inputPaths = (
			);
			outputPaths = (
			);
			runOnlyForDeploymentPostprocessing = 0;
			shellPath = /bin/sh;
			shellScript = "# Run the unit tests in this test bundle.\n\"${SYSTEM_DEVELOPER_DIR}/Tools/RunUnitTests\"\n";
		};
/* End PBXShellScriptBuildPhase section */

/* Begin PBXSourcesBuildPhase section */
		CCB0642D14B2A5D20022BA5D /* Sources */ = {
			isa = PBXSourcesBuildPhase;
			buildActionMask = 2147483647;
			files = (
				CCB0644214B2A5D20022BA5D /* main.m in Sources */,
				CCB0644614B2A5D20022BA5D /* AppDelegate.m in Sources */,
				CCB0644C14B2A5D30022BA5D /* ViewController.m in Sources */,
				CCB067A814B549440022BA5D /* Category.m in Sources */,
				CC1ED9C414B7AD2F006F50C8 /* Product.m in Sources */,
				CC1ED9C714B7AFC1006F50C8 /* Photo.m in Sources */,
				CCFB4D1114B80F4000F777C5 /* productTableViewController.m in Sources */,
				CC1E30EF14B9433600E41385 /* productDetailViewController.m in Sources */,
				CCB1B3C314BA119A0002723D /* productCustomViewCell.m in Sources */,
				CCEB607914BB522B0078BA72 /* garageDetailViewController.m in Sources */,
				CCEFD7B814BC49D4001DD143 /* Garage.m in Sources */,
				CC13C8CC14BC767E00045502 /* Profile.m in Sources */,
				CCBAD3BF14BE042B00FEDC76 /* galleryScrollViewController.m in Sources */,
				CCE9EB6514C2177000526AD6 /* ProductPhotos.m in Sources */,
				CC7056AA14CB627800C48D48 /* aboutViewController.m in Sources */,
				CCC02D8B14D2FF180076BE31 /* Bid.m in Sources */,
			);
			runOnlyForDeploymentPostprocessing = 0;
		};
		CCB0644D14B2A5D30022BA5D /* Sources */ = {
			isa = PBXSourcesBuildPhase;
			buildActionMask = 2147483647;
			files = (
				CCB0646114B2A5D30022BA5D /* garagesaleappTests.m in Sources */,
			);
			runOnlyForDeploymentPostprocessing = 0;
		};
/* End PBXSourcesBuildPhase section */

/* Begin PBXTargetDependency section */
		CCB0645814B2A5D30022BA5D /* PBXTargetDependency */ = {
			isa = PBXTargetDependency;
			target = CCB0643014B2A5D20022BA5D /* garagesaleapp */;
			targetProxy = CCB0645714B2A5D30022BA5D /* PBXContainerItemProxy */;
		};
		CCB0678414B396BF0022BA5D /* PBXTargetDependency */ = {
			isa = PBXTargetDependency;
			name = RestKit;
			targetProxy = CCB0678314B396BF0022BA5D /* PBXContainerItemProxy */;
		};
/* End PBXTargetDependency section */

/* Begin PBXVariantGroup section */
		CC5B0A9D14D2C7C900F22D35 /* Localizable.strings */ = {
			isa = PBXVariantGroup;
			children = (
				CC5B0A9E14D2C7C900F22D35 /* en */,
				CC5B0AA014D2C7E700F22D35 /* pt */,
			);
			name = Localizable.strings;
			path = ..;
			sourceTree = "<group>";
		};
		CCB0643E14B2A5D20022BA5D /* InfoPlist.strings */ = {
			isa = PBXVariantGroup;
			children = (
				CCB0643F14B2A5D20022BA5D /* en */,
			);
			name = InfoPlist.strings;
			sourceTree = "<group>";
		};
		CCB0644714B2A5D30022BA5D /* MainStoryboard.storyboard */ = {
			isa = PBXVariantGroup;
			children = (
				CCB0644814B2A5D30022BA5D /* en */,
			);
			name = MainStoryboard.storyboard;
			sourceTree = "<group>";
		};
		CCB0645C14B2A5D30022BA5D /* InfoPlist.strings */ = {
			isa = PBXVariantGroup;
			children = (
				CCB0645D14B2A5D30022BA5D /* en */,
			);
			name = InfoPlist.strings;
			sourceTree = "<group>";
		};
/* End PBXVariantGroup section */

/* Begin XCBuildConfiguration section */
		CC860EF214DFCCC400EEF0F4 /* Distribution */ = {
			isa = XCBuildConfiguration;
			buildSettings = {
				ALWAYS_SEARCH_USER_PATHS = NO;
				ARCHS = "$(ARCHS_STANDARD_32_BIT)";
				CLANG_ENABLE_OBJC_ARC = YES;
				CODE_SIGN_IDENTITY = "";
				"CODE_SIGN_IDENTITY[sdk=iphoneos*]" = "";
				COPY_PHASE_STRIP = YES;
				GCC_C_LANGUAGE_STANDARD = gnu99;
				GCC_VERSION = com.apple.compilers.llvm.clang.1_0;
				GCC_WARN_ABOUT_MISSING_PROTOTYPES = YES;
				GCC_WARN_ABOUT_RETURN_TYPE = YES;
				GCC_WARN_UNUSED_VARIABLE = YES;
				IPHONEOS_DEPLOYMENT_TARGET = 5.0;
				OTHER_CFLAGS = "-DNS_BLOCK_ASSERTIONS=1";
				OTHER_LDFLAGS = (
					"-ObjC",
					"-all_load",
				);
				SDKROOT = iphoneos;
				VALIDATE_PRODUCT = NO;
				VALID_ARCHS = "armv7 armv6";
			};
			name = Distribution;
		};
		CC860EF314DFCCC400EEF0F4 /* Distribution */ = {
			isa = XCBuildConfiguration;
			buildSettings = {
				CODE_SIGN_IDENTITY = "iPhone Distribution";
				GCC_PRECOMPILE_PREFIX_HEADER = YES;
				GCC_PREFIX_HEADER = "garagesaleapp/garagesaleapp-Prefix.pch";
				HEADER_SEARCH_PATHS = "\"$(SOURCE_ROOT)/RestKit/Build\"";
				INFOPLIST_FILE = "garagesaleapp/garagesaleapp-Info.plist";
				IPHONEOS_DEPLOYMENT_TARGET = 5.0;
				OTHER_LDFLAGS = "-ObjC";
				PRODUCT_NAME = "$(TARGET_NAME)";
				PROVISIONING_PROFILE = "";
				TARGETED_DEVICE_FAMILY = 1;
				WRAPPER_EXTENSION = app;
			};
			name = Distribution;
		};
		CC860EF414DFCCC400EEF0F4 /* Distribution */ = {
			isa = XCBuildConfiguration;
			buildSettings = {
				BUNDLE_LOADER = "$(BUILT_PRODUCTS_DIR)/garagesaleapp.app/garagesaleapp";
				FRAMEWORK_SEARCH_PATHS = (
					"$(SDKROOT)/Developer/Library/Frameworks",
					"$(DEVELOPER_LIBRARY_DIR)/Frameworks",
				);
				GCC_PRECOMPILE_PREFIX_HEADER = YES;
				GCC_PREFIX_HEADER = "garagesaleapp/garagesaleapp-Prefix.pch";
				INFOPLIST_FILE = "garagesaleappTests/garagesaleappTests-Info.plist";
				PRODUCT_NAME = "$(TARGET_NAME)";
				TEST_HOST = "$(BUNDLE_LOADER)";
				WRAPPER_EXTENSION = octest;
			};
			name = Distribution;
		};
		CCB0646214B2A5D30022BA5D /* Debug */ = {
			isa = XCBuildConfiguration;
			buildSettings = {
				ALWAYS_SEARCH_USER_PATHS = NO;
				ARCHS = "$(ARCHS_STANDARD_32_BIT)";
				CLANG_ENABLE_OBJC_ARC = YES;
				CODE_SIGN_IDENTITY = "";
				"CODE_SIGN_IDENTITY[sdk=iphoneos*]" = "iPhone Distribution";
				COPY_PHASE_STRIP = NO;
				GCC_C_LANGUAGE_STANDARD = gnu99;
				GCC_DYNAMIC_NO_PIC = NO;
				GCC_OPTIMIZATION_LEVEL = 0;
				GCC_PREPROCESSOR_DEFINITIONS = (
					"DEBUG=1",
					"$(inherited)",
				);
				GCC_SYMBOLS_PRIVATE_EXTERN = NO;
				GCC_VERSION = com.apple.compilers.llvm.clang.1_0;
				GCC_WARN_ABOUT_MISSING_PROTOTYPES = YES;
				GCC_WARN_ABOUT_RETURN_TYPE = YES;
				GCC_WARN_UNUSED_VARIABLE = YES;
				IPHONEOS_DEPLOYMENT_TARGET = 5.0;
				OTHER_LDFLAGS = (
					"-ObjC",
					"-all_load",
				);
				"PROVISIONING_PROFILE[sdk=iphoneos*]" = "";
				SDKROOT = iphoneos;
				VALIDATE_PRODUCT = YES;
				VALID_ARCHS = "armv7 armv6";
			};
			name = Debug;
		};
		CCB0646314B2A5D30022BA5D /* Release */ = {
			isa = XCBuildConfiguration;
			buildSettings = {
				ALWAYS_SEARCH_USER_PATHS = NO;
				ARCHS = "$(ARCHS_STANDARD_32_BIT)";
				CLANG_ENABLE_OBJC_ARC = YES;
				CODE_SIGN_IDENTITY = "";
				"CODE_SIGN_IDENTITY[sdk=iphoneos*]" = "";
				COPY_PHASE_STRIP = YES;
				GCC_C_LANGUAGE_STANDARD = gnu99;
				GCC_VERSION = com.apple.compilers.llvm.clang.1_0;
				GCC_WARN_ABOUT_MISSING_PROTOTYPES = YES;
				GCC_WARN_ABOUT_RETURN_TYPE = YES;
				GCC_WARN_UNUSED_VARIABLE = YES;
				IPHONEOS_DEPLOYMENT_TARGET = 5.0;
				OTHER_CFLAGS = "-DNS_BLOCK_ASSERTIONS=1";
				OTHER_LDFLAGS = (
					"-ObjC",
					"-all_load",
				);
				SDKROOT = iphoneos;
				VALIDATE_PRODUCT = NO;
				VALID_ARCHS = "armv7 armv6";
			};
			name = Release;
		};
		CCB0646514B2A5D30022BA5D /* Debug */ = {
			isa = XCBuildConfiguration;
			buildSettings = {
				CODE_SIGN_IDENTITY = "iPhone Distribution";
				GCC_PRECOMPILE_PREFIX_HEADER = YES;
				GCC_PREFIX_HEADER = "garagesaleapp/garagesaleapp-Prefix.pch";
				HEADER_SEARCH_PATHS = "\"$(SOURCE_ROOT)/RestKit/Build\"";
				INFOPLIST_FILE = "garagesaleapp/garagesaleapp-Info.plist";
				IPHONEOS_DEPLOYMENT_TARGET = 5.0;
				OTHER_LDFLAGS = "-ObjC";
				PRODUCT_NAME = "$(TARGET_NAME)";
				PROVISIONING_PROFILE = "";
				TARGETED_DEVICE_FAMILY = 1;
				WRAPPER_EXTENSION = app;
			};
			name = Debug;
		};
		CCB0646614B2A5D30022BA5D /* Release */ = {
			isa = XCBuildConfiguration;
			buildSettings = {
				CODE_SIGN_IDENTITY = "iPhone Distribution";
				GCC_PRECOMPILE_PREFIX_HEADER = YES;
				GCC_PREFIX_HEADER = "garagesaleapp/garagesaleapp-Prefix.pch";
				HEADER_SEARCH_PATHS = "\"$(SOURCE_ROOT)/RestKit/Build\"";
				INFOPLIST_FILE = "garagesaleapp/garagesaleapp-Info.plist";
				IPHONEOS_DEPLOYMENT_TARGET = 5.0;
				OTHER_LDFLAGS = "-ObjC";
				PRODUCT_NAME = "$(TARGET_NAME)";
				PROVISIONING_PROFILE = "";
				TARGETED_DEVICE_FAMILY = 1;
				WRAPPER_EXTENSION = app;
			};
			name = Release;
		};
		CCB0646814B2A5D30022BA5D /* Debug */ = {
			isa = XCBuildConfiguration;
			buildSettings = {
				BUNDLE_LOADER = "$(BUILT_PRODUCTS_DIR)/garagesaleapp.app/garagesaleapp";
				FRAMEWORK_SEARCH_PATHS = (
					"$(SDKROOT)/Developer/Library/Frameworks",
					"$(DEVELOPER_LIBRARY_DIR)/Frameworks",
				);
				GCC_PRECOMPILE_PREFIX_HEADER = YES;
				GCC_PREFIX_HEADER = "garagesaleapp/garagesaleapp-Prefix.pch";
				INFOPLIST_FILE = "garagesaleappTests/garagesaleappTests-Info.plist";
				PRODUCT_NAME = "$(TARGET_NAME)";
				TEST_HOST = "$(BUNDLE_LOADER)";
				WRAPPER_EXTENSION = octest;
			};
			name = Debug;
		};
		CCB0646914B2A5D30022BA5D /* Release */ = {
			isa = XCBuildConfiguration;
			buildSettings = {
				BUNDLE_LOADER = "$(BUILT_PRODUCTS_DIR)/garagesaleapp.app/garagesaleapp";
				FRAMEWORK_SEARCH_PATHS = (
					"$(SDKROOT)/Developer/Library/Frameworks",
					"$(DEVELOPER_LIBRARY_DIR)/Frameworks",
				);
				GCC_PRECOMPILE_PREFIX_HEADER = YES;
				GCC_PREFIX_HEADER = "garagesaleapp/garagesaleapp-Prefix.pch";
				INFOPLIST_FILE = "garagesaleappTests/garagesaleappTests-Info.plist";
				PRODUCT_NAME = "$(TARGET_NAME)";
				TEST_HOST = "$(BUNDLE_LOADER)";
				WRAPPER_EXTENSION = octest;
			};
			name = Release;
		};
/* End XCBuildConfiguration section */

/* Begin XCConfigurationList section */
		CCB0642B14B2A5CE0022BA5D /* Build configuration list for PBXProject "garagesaleapp" */ = {
			isa = XCConfigurationList;
			buildConfigurations = (
				CCB0646214B2A5D30022BA5D /* Debug */,
				CCB0646314B2A5D30022BA5D /* Release */,
				CC860EF214DFCCC400EEF0F4 /* Distribution */,
			);
			defaultConfigurationIsVisible = 0;
			defaultConfigurationName = Distribution;
		};
		CCB0646414B2A5D30022BA5D /* Build configuration list for PBXNativeTarget "garagesaleapp" */ = {
			isa = XCConfigurationList;
			buildConfigurations = (
				CCB0646514B2A5D30022BA5D /* Debug */,
				CCB0646614B2A5D30022BA5D /* Release */,
				CC860EF314DFCCC400EEF0F4 /* Distribution */,
			);
			defaultConfigurationIsVisible = 0;
			defaultConfigurationName = Distribution;
		};
		CCB0646714B2A5D30022BA5D /* Build configuration list for PBXNativeTarget "garagesaleappTests" */ = {
			isa = XCConfigurationList;
			buildConfigurations = (
				CCB0646814B2A5D30022BA5D /* Debug */,
				CCB0646914B2A5D30022BA5D /* Release */,
				CC860EF414DFCCC400EEF0F4 /* Distribution */,
			);
			defaultConfigurationIsVisible = 0;
			defaultConfigurationName = Distribution;
		};
/* End XCConfigurationList section */
	};
	rootObject = CCB0642814B2A5CE0022BA5D /* Project object */;
}
